{
  "version": 1,
  "packages": {
    "compiler": {
      "version": "1.6.6",
      "vcsRevision": "a6d502f63cd82dda1f69ded81f5784df51b34144",
      "url": "https://github.com/dsrw/Nim",
      "downloadMethod": "git",
      "dependencies": [],
      "checksums": {
        "sha1": "79086f6af1c1695e93e85c13fb019f6c7849e862"
      }
    },
    "godot": {
      "version": "0.8.5",
      "vcsRevision": "125732b3605f5ac4cc027d64bdf78d5808e5b2b6",
      "url": "https://github.com/dsrw/godot-nim",
      "downloadMethod": "git",
      "dependencies": [
        "compiler"
      ],
      "checksums": {
        "sha1": "d548565ca7de765a432f82520b304ca8a9837578"
      }
    },
    "print": {
      "version": "1.0.2",
      "vcsRevision": "fb09637d6ebd6416b322a2b9bb95dd513040dea7",
      "url": "https://github.com/treeform/print",
      "downloadMethod": "git",
      "dependencies": [],
      "checksums": {
        "sha1": "b2d54fa3fa47a11a42c94f9d05f1057fc5ff16a3"
      }
    },
    "zippy": {
      "version": "0.10.4",
      "vcsRevision": "17e23253693cf8e09683cd6088b18ebd2789245b",
      "url": "https://github.com/guzba/zippy",
      "downloadMethod": "git",
      "dependencies": [],
      "checksums": {
        "sha1": "be5f12785ba8e7f8b193de5abcc2707e534fbc54"
      }
    },
    "markdown": {
      "version": "0.8.5",
      "vcsRevision": "46d5905dd02fe381cad31f0a18dc1fcf4af8dfe6",
      "url": "https://github.com/soasme/nim-markdown",
      "downloadMethod": "git",
      "dependencies": [],
      "checksums": {
        "sha1": "4aad73e9a15bd58a9254833afb983950ed568578"
      }
    },
    "chroma": {
      "version": "0.2.7",
      "vcsRevision": "b2e71179174e040884ebf6a16cbac711c84620b9",
      "url": "https://github.com/treeform/chroma",
      "downloadMethod": "git",
      "dependencies": [],
      "checksums": {
        "sha1": "f873f4b97e87a82e27e0b85bf9130fe3e320a2b8"
      }
    },
    "nanoid": {
      "version": "0.2.1",
      "vcsRevision": "bbbf8f5ac6e1ee7fa088d648cc29ade859c0bc05",
      "url": "https://github.com/dsrw/nanoid.nim",
      "downloadMethod": "git",
      "dependencies": [],
      "checksums": {
        "sha1": "c57bbe7a154c4dbaddc88fb973799a97d9a5e058"
      }
    },
    "hmatching": {
      "version": "0.1.1",
      "vcsRevision": "0edbae59c25304c5b818980357774fea5a3ff31f",
      "url": "https://github.com/haxscramper/hmatching",
      "downloadMethod": "git",
      "dependencies": [],
      "checksums": {
        "sha1": "779587cd1e7a66b592d69a56f56d57056eb4b217"
      }
    },
    "threading": {
      "version": "0.1.0",
      "vcsRevision": "49562fa0d393e765823b2ea96ca14fbb9889a566",
      "url": "https://github.com/nim-lang/threading",
      "downloadMethod": "git",
      "dependencies": [],
      "checksums": {
        "sha1": "d04764ce15e97a1e89bb92151405439900bf73bf"
      }
    },
    "model_citizen": {
      "version": "0.7.4",
      "vcsRevision": "ea3b4c59f277d658d1e880b8bb21915c17e9e8bd",
      "url": "https://github.com/dsrw/model_citizen",
      "downloadMethod": "git",
      "dependencies": [
        "print",
        "threading"
      ],
      "checksums": {
        "sha1": "c8a567b8bf4357420ed64672e4152fff5c66e582"
      }
    },
    "cligen": {
      "version": "1.5.19",
      "vcsRevision": "b962cf8bc0be847cbc1b4f77952775de765e9689",
      "url": "https://github.com/c-blake/cligen.git",
      "downloadMethod": "git",
      "dependencies": [],
      "checksums": {
        "sha1": "bfe4f99a16ace2164fe40d40866e4951bed51820"
      }
    }
  }
}