{
  "version": 2,
  "packages": {
    "zippy": {
      "version": "0.10.7",
      "vcsRevision": "ca5989a1ba8bdba897d7906dfd6ccda2580d9a5a",
      "url": "https://github.com/guzba/zippy",
      "downloadMethod": "git",
      "dependencies": [],
      "checksums": {
        "sha1": "8ec66d2af90ca93f96c0388ae933f03a60ff67d1"
      }
    },
    "unittest2": {
      "version": "0.0.6",
      "vcsRevision": "883c7a50ad3b82158e64d074c5578fe33ab3c452",
      "url": "https://github.com/status-im/nim-unittest2",
      "downloadMethod": "git",
      "dependencies": [],
      "checksums": {
        "sha1": "540e3959bd489b423dcd7d5f6373fa43153c35c8"
      }
    },
    "stew": {
      "version": "0.1.0",
      "vcsRevision": "e18f5a62af2ade7a1fd1d39635d4e04d944def08",
      "url": "https://github.com/status-im/nim-stew",
      "downloadMethod": "git",
      "dependencies": [
        "unittest2"
      ],
      "checksums": {
        "sha1": "2a80972f66597bf87d820dca8164d89d3bb24c6d"
      }
    },
    "bearssl": {
      "version": "0.2.0",
      "vcsRevision": "acf9645e328bdcab481cfda1c158e07ecd46bd7b",
      "url": "https://github.com/status-im/nim-bearssl",
      "downloadMethod": "git",
      "dependencies": [
        "unittest2"
      ],
      "checksums": {
        "sha1": "c939aef6a1c17c95131242a6292ade1c92380792"
      }
    },
    "httputils": {
      "version": "0.3.0",
      "vcsRevision": "a85bd52ae0a956983ca6b3267c72961d2ec0245f",
      "url": "https://github.com/status-im/nim-http-utils",
      "downloadMethod": "git",
      "dependencies": [
        "stew",
        "unittest2"
      ],
      "checksums": {
        "sha1": "92933b21bcd29335f68e377e2b2193fa331e28b3"
      }
    },
    "chronos": {
      "version": "3.0.11",
      "vcsRevision": "f7835a192b45c37e97614d865141f21eea8c156e",
      "url": "https://github.com/status-im/nim-chronos",
      "downloadMethod": "git",
      "dependencies": [
        "stew",
        "bearssl",
        "httputils",
        "unittest2"
      ],
      "checksums": {
        "sha1": "e6c778e61a1c5cda8e74377c493c9928775fcfd0"
      }
    },
    "faststreams": {
      "version": "0.3.0",
      "vcsRevision": "814f8927e1f356f39219f37f069b83066bcc893a",
      "url": "https://github.com/status-im/nim-faststreams",
      "downloadMethod": "git",
      "dependencies": [
        "stew",
        "chronos",
        "unittest2"
      ],
      "checksums": {
        "sha1": "16c69a7b454d803dcf28f6115f42bb47421d9376"
      }
    },
    "serialization": {
      "version": "0.1.0",
      "vcsRevision": "5b7cea55efeb074daa8abd8146a03a34adb4521a",
      "url": "https://github.com/status-im/nim-serialization",
      "downloadMethod": "git",
      "dependencies": [
        "faststreams",
        "unittest2",
        "stew"
      ],
      "checksums": {
        "sha1": "433ee95c167fa9f8a4d6691d5e0e8d6b5d8516a6"
      }
    },
    "json_serialization": {
      "version": "0.1.0",
      "vcsRevision": "a7d815ed92f200f490c95d3cfd722089cc923ce6",
      "url": "https://github.com/status-im/nim-json-serialization",
      "downloadMethod": "git",
      "dependencies": [
        "serialization",
        "stew"
      ],
      "checksums": {
        "sha1": "50fc34a992ef3df68a7bee88af096bb8ed42572f"
      }
    },
    "cligen": {
      "version": "1.6.0",
      "vcsRevision": "1a1c9c79a93435d9647a16faedd7c593a7afa0d8",
      "url": "https://github.com/c-blake/cligen.git",
      "downloadMethod": "git",
      "dependencies": [],
      "checksums": {
        "sha1": "593a8142979897b8e8539a64fd9221eb638dce92"
      }
    },
    "supersnappy": {
      "version": "2.1.3",
      "vcsRevision": "e4df8cb5468dd96fc5a4764028e20c8a3942f16a",
      "url": "https://github.com/guzba/supersnappy",
      "downloadMethod": "git",
      "dependencies": [],
      "checksums": {
        "sha1": "36a05ee6befe3764ed8e2a6fb5d0882c2fd090f8"
      }
    },
    "compiler": {
      "version": "1.6.12",
      "vcsRevision": "c07ccfebfde639aa806ad5f8dd37ac1aaed17ccd",
      "url": "https://github.com/dsrw/Nim",
      "downloadMethod": "git",
      "dependencies": [],
      "checksums": {
        "sha1": "1d1c980c037b61a4543c4a11cc4b99452188258a"
      }
    },
    "testutils": {
      "version": "0.5.0",
      "vcsRevision": "dfc4c1b39f9ded9baf6365014de2b4bfb4dafc34",
      "url": "https://github.com/status-im/nim-testutils",
      "downloadMethod": "git",
      "dependencies": [
        "unittest2"
      ],
      "checksums": {
        "sha1": "756d0757c4dd06a068f9d38c7f238576ba5ee897"
      }
    },
    "chronicles": {
      "version": "0.10.3",
      "vcsRevision": "32ac8679680ea699f7dbc046e8e0131cac97d41a",
      "url": "https://github.com/status-im/nim-chronicles",
      "downloadMethod": "git",
      "dependencies": [
        "testutils",
        "json_serialization"
      ],
      "checksums": {
        "sha1": "79f09526d4d9b9196dd2f6a75310d71a890c4f88"
      }
    },
    "flatty": {
      "version": "0.3.4",
      "vcsRevision": "07f6ba8ab96238e5bd1264cf0cea1d1746abb00c",
      "url": "https://github.com/treeform/flatty",
      "downloadMethod": "git",
      "dependencies": [],
      "checksums": {
        "sha1": "5775e6ea6ca339efc5bd37b082b8294342d49dc5"
      }
    },
    "netty": {
      "version": "0.2.1",
      "vcsRevision": "7b4266458b7435349b28a4468e0af58f1674b198",
      "url": "https://github.com/treeform/netty/",
      "downloadMethod": "git",
      "dependencies": [
        "flatty"
      ],
      "checksums": {
        "sha1": "c7271855fd2d9f81a55f6705d8d0c2efdc055b41"
      }
    },
    "print": {
      "version": "1.0.2",
      "vcsRevision": "b671140571cfa7475e26259c50d4231e61bd0f0f",
      "url": "https://github.com/treeform/print",
      "downloadMethod": "git",
      "dependencies": [],
      "checksums": {
        "sha1": "ab60f0cb8c0800132d8d41c4ac11924ee21b1a18"
      }
    },
    "markdown": {
      "version": "0.8.7",
      "vcsRevision": "e6379e25a33d1d79bb62ee285574e41a395ae2d7",
      "url": "https://github.com/soasme/nim-markdown",
      "downloadMethod": "git",
      "dependencies": [],
      "checksums": {
        "sha1": "2fc60a4d5b3532018cb44982684af330e291dc5e"
      }
    },
    "dotenv": {
      "version": "2.0.1",
      "vcsRevision": "4b8613cb4c46331729e88f594c5ae2b727381a57",
      "url": "https://github.com/euantorano/dotenv.nim",
      "downloadMethod": "git",
      "dependencies": [],
      "checksums": {
        "sha1": "9a9e39544f129e6666935796610da79fbe724510"
      }
    },
    "threading": {
      "version": "0.1.0",
      "vcsRevision": "2544b5770f9b773536eed41e1a84656be456b42d",
      "url": "https://github.com/nim-lang/threading",
      "downloadMethod": "git",
      "dependencies": [],
      "checksums": {
        "sha1": "522320e7003df338e58800be73f505b95a41a6f3"
      }
    },
    "nanoid": {
      "version": "0.2.1",
      "vcsRevision": "bbbf8f5ac6e1ee7fa088d648cc29ade859c0bc05",
      "url": "https://github.com/dsrw/nanoid.nim",
      "downloadMethod": "git",
      "dependencies": [],
      "checksums": {
        "sha1": "c57bbe7a154c4dbaddc88fb973799a97d9a5e058"
      }
    },
    "model_citizen": {
      "version": "0.11.0",
      "vcsRevision": "83d883d63a2ee93371621d062e9f169833cbf614",
      "url": "https://github.com/dsrw/model_citizen",
      "downloadMethod": "git",
      "dependencies": [
        "print",
        "threading",
        "chronicles",
        "flatty",
        "netty",
        "supersnappy",
        "nanoid"
      ],
      "checksums": {
        "sha1": "e56008699953220386c519fce50313f278ead802"
      }
    },
    "chroma": {
      "version": "0.2.7",
      "vcsRevision": "b2e71179174e040884ebf6a16cbac711c84620b9",
      "url": "https://github.com/treeform/chroma",
      "downloadMethod": "git",
      "dependencies": [],
      "checksums": {
        "sha1": "f873f4b97e87a82e27e0b85bf9130fe3e320a2b8"
      }
    },
    "godot": {
      "version": "0.8.5",
      "vcsRevision": "82d40beefefdd845126612d8733a539358617b4f",
      "url": "https://github.com/dsrw/godot-nim",
      "downloadMethod": "git",
      "dependencies": [
        "compiler"
      ],
      "checksums": {
        "sha1": "8700ca077f43706f60cc26de0f3707aee703544e"
      }
    }
  },
  "tasks": {}
}
